PODS:
  - CocoaLumberjack (3.0.0):
    - CocoaLumberjack/Default (= 3.0.0)
    - CocoaLumberjack/Extensions (= 3.0.0)
  - CocoaLumberjack/Core (3.0.0)
  - CocoaLumberjack/Default (3.0.0):
    - CocoaLumberjack/Core
  - CocoaLumberjack/Extensions (3.0.0):
    - CocoaLumberjack/Default
  - YSRangeSlider (3.1.0)

DEPENDENCIES:
  - CocoaLumberjack
  - YSRangeSlider (~> 3.1)

SPEC CHECKSUMS:
  CocoaLumberjack: c823149bccc5519a9447aeb433be7b1212a7d6a5
  YSRangeSlider: 791b224d7b0871c99f779eb7ec333eda147cdbab

PODFILE CHECKSUM: 6f3cc2e3deade6c5b225961b28fbc7177c4e9e34

COCOAPODS: 1.1.1
